
Microsoft Visual Studio Solution File, Format Version 12.00
# Visual Studio Version 16
VisualStudioVersion = 16.0.31105.61
MinimumVisualStudioVersion = 10.0.40219.1
Project("{FAE04EC0-301F-11D3-BF4B-00C04F79EFBC}") = "SportsStore", "SportsStore.csproj", "{6F28171D-244C-4866-B16B-4E453EECA917}"
EndProject
Project("{FAE04EC0-301F-11D3-BF4B-00C04F79EFBC}") = "SportsStore.Test", "..\SportsStore.Test\SportsStore.Test.csproj", "{8193BC4F-8B16-4E2A-A8E8-A28FE32D8735}"
EndProject
Global
	GlobalSection(SolutionConfigurationPlatforms) = preSolution
		Debug|Any CPU = Debug|Any CPU
		Release|Any CPU = Release|Any CPU
	EndGlobalSection
	GlobalSection(ProjectConfigurationPlatforms) = postSolution
		{6F28171D-244C-4866-B16B-4E453EECA917}.Debug|Any CPU.ActiveCfg = Debug|Any CPU
		{6F28171D-244C-4866-B16B-4E453EECA917}.Debug|Any CPU.Build.0 = Debug|Any CPU
		{6F28171D-244C-4866-B16B-4E453EECA917}.Release|Any CPU.ActiveCfg = Release|Any CPU
		{6F28171D-244C-4866-B16B-4E453EECA917}.Release|Any CPU.Build.0 = Release|Any CPU
		{8193BC4F-8B16-4E2A-A8E8-A28FE32D8735}.Debug|Any CPU.ActiveCfg = Debug|Any CPU
		{8193BC4F-8B16-4E2A-A8E8-A28FE32D8735}.Debug|Any CPU.Build.0 = Debug|Any CPU
		{8193BC4F-8B16-4E2A-A8E8-A28FE32D8735}.Release|Any CPU.ActiveCfg = Release|Any CPU
		{8193BC4F-8B16-4E2A-A8E8-A28FE32D8735}.Release|Any CPU.Build.0 = Release|Any CPU
	EndGlobalSection
	GlobalSection(SolutionProperties) = preSolution
		HideSolutionNode = FALSE
	EndGlobalSection
	GlobalSection(ExtensibilityGlobals) = postSolution
		SolutionGuid = {E1B03AE4-03CF-4FAC-8128-1CA206810E33}
	EndGlobalSection
EndGlobal
